
Microsoft Visual Studio Solution File, Format Version 12.00
# Visual Studio Version 17
VisualStudioVersion = 17.13.35919.96 d17.13
MinimumVisualStudioVersion = 10.0.40219.1
Project("{FAE04EC0-301F-11D3-BF4B-00C04F79EFBC}") = "AutoMapperEx", "AutoMapperEx\AutoMapperEx.csproj", "{EF983EFB-6734-4F08-8F68-E7C8DD9A0029}"
EndProject
Global
	GlobalSection(SolutionConfigurationPlatforms) = preSolution
		Debug|Any CPU = Debug|Any CPU
		Release|Any CPU = Release|Any CPU
	EndGlobalSection
	GlobalSection(ProjectConfigurationPlatforms) = postSolution
		{EF983EFB-6734-4F08-8F68-E7C8DD9A0029}.Debug|Any CPU.ActiveCfg = Debug|Any CPU
		{EF983EFB-6734-4F08-8F68-E7C8DD9A0029}.Debug|Any CPU.Build.0 = Debug|Any CPU
		{EF983EFB-6734-4F08-8F68-E7C8DD9A0029}.Release|Any CPU.ActiveCfg = Release|Any CPU
		{EF983EFB-6734-4F08-8F68-E7C8DD9A0029}.Release|Any CPU.Build.0 = Release|Any CPU
	EndGlobalSection
	GlobalSection(SolutionProperties) = preSolution
		HideSolutionNode = FALSE
	EndGlobalSection
	GlobalSection(ExtensibilityGlobals) = postSolution
		SolutionGuid = {78F5BB9C-4E84-4864-9285-D1473CEA7201}
	EndGlobalSection
EndGlobal
